
Microsoft Visual Studio Solution File, Format Version 12.00
# Visual Studio Version 16
VisualStudioVersion = 16.0.31005.135
MinimumVisualStudioVersion = 10.0.40219.1
Project("{FAE04EC0-301F-11D3-BF4B-00C04F79EFBC}") = "noroz 1400", "noroz 1400\noroz 1400.csproj", "{9996D4C5-E8CF-4514-BC4B-3B1C0B642F0F}"
EndProject
Global
	GlobalSection(SolutionConfigurationPlatforms) = preSolution
		Debug|Any CPU = Debug|Any CPU
		Release|Any CPU = Release|Any CPU
	EndGlobalSection
	GlobalSection(ProjectConfigurationPlatforms) = postSolution
		{9996D4C5-E8CF-4514-BC4B-3B1C0B642F0F}.Debug|Any CPU.ActiveCfg = Debug|Any CPU
		{9996D4C5-E8CF-4514-BC4B-3B1C0B642F0F}.Debug|Any CPU.Build.0 = Debug|Any CPU
		{9996D4C5-E8CF-4514-BC4B-3B1C0B642F0F}.Release|Any CPU.ActiveCfg = Release|Any CPU
		{9996D4C5-E8CF-4514-BC4B-3B1C0B642F0F}.Release|Any CPU.Build.0 = Release|Any CPU
	EndGlobalSection
	GlobalSection(SolutionProperties) = preSolution
		HideSolutionNode = FALSE
	EndGlobalSection
	GlobalSection(ExtensibilityGlobals) = postSolution
		SolutionGuid = {DEB939AA-2665-4197-AA0E-FB09901AFD2C}
	EndGlobalSection
EndGlobal
